
Microsoft Visual Studio Solution File, Format Version 12.00
# Visual Studio 15
VisualStudioVersion = 15.0.27004.2005
MinimumVisualStudioVersion = 10.0.40219.1
Project("{FAE04EC0-301F-11D3-BF4B-00C04F79EFBC}") = "DestroyUniverseBlog", "DestroyUniverseBlog\DestroyUniverseBlog.csproj", "{48BAA3D9-8861-4FF6-806A-310F944C40F0}"
EndProject
Global
	GlobalSection(SolutionConfigurationPlatforms) = preSolution
		Debug|Any CPU = Debug|Any CPU
		Release|Any CPU = Release|Any CPU
	EndGlobalSection
	GlobalSection(ProjectConfigurationPlatforms) = postSolution
		{48BAA3D9-8861-4FF6-806A-310F944C40F0}.Debug|Any CPU.ActiveCfg = Debug|Any CPU
		{48BAA3D9-8861-4FF6-806A-310F944C40F0}.Debug|Any CPU.Build.0 = Debug|Any CPU
		{48BAA3D9-8861-4FF6-806A-310F944C40F0}.Release|Any CPU.ActiveCfg = Release|Any CPU
		{48BAA3D9-8861-4FF6-806A-310F944C40F0}.Release|Any CPU.Build.0 = Release|Any CPU
	EndGlobalSection
	GlobalSection(SolutionProperties) = preSolution
		HideSolutionNode = FALSE
	EndGlobalSection
	GlobalSection(ExtensibilityGlobals) = postSolution
		SolutionGuid = {64067850-22F0-49DC-9432-2D9FFE189A24}
	EndGlobalSection
EndGlobal
